{
  "name": "git-nodejs",
  "version": "0.0.0",
  "lockfileVersion": 1,
  "requires": true,
  "dependencies": {
    "argo-dataflow-sdk": {
      "version": "https://gitpkg.now.sh/domderen/argo-dataflow/sdks/nodejs?js-sdk",
      "integrity": "sha512-O20ikYCF/5Xdi+VZfqX1N7ImJST0xPOa/uxUOaDl0kYcB189JInNL9q8YcWfOG5cJhbFS0VO43/O4UaueoWR6w=="
    }
  }
}
